
Microsoft Visual Studio Solution File, Format Version 12.00
# Visual Studio Version 16
VisualStudioVersion = 16.0.30406.217
MinimumVisualStudioVersion = 10.0.40219.1
Project("{FAE04EC0-301F-11D3-BF4B-00C04F79EFBC}") = "Form Bank Account", "Form Bank Account\Form Bank Account.csproj", "{3BEC5223-2425-450A-ADCE-8876301A663B}"
EndProject
Global
	GlobalSection(SolutionConfigurationPlatforms) = preSolution
		Debug|Any CPU = Debug|Any CPU
		Release|Any CPU = Release|Any CPU
	EndGlobalSection
	GlobalSection(ProjectConfigurationPlatforms) = postSolution
		{3BEC5223-2425-450A-ADCE-8876301A663B}.Debug|Any CPU.ActiveCfg = Debug|Any CPU
		{3BEC5223-2425-450A-ADCE-8876301A663B}.Debug|Any CPU.Build.0 = Debug|Any CPU
		{3BEC5223-2425-450A-ADCE-8876301A663B}.Release|Any CPU.ActiveCfg = Release|Any CPU
		{3BEC5223-2425-450A-ADCE-8876301A663B}.Release|Any CPU.Build.0 = Release|Any CPU
	EndGlobalSection
	GlobalSection(SolutionProperties) = preSolution
		HideSolutionNode = FALSE
	EndGlobalSection
	GlobalSection(ExtensibilityGlobals) = postSolution
		SolutionGuid = {B47176BB-C74E-4AFB-A3D4-3016C3FBF83C}
	EndGlobalSection
EndGlobal
