
Microsoft Visual Studio Solution File, Format Version 12.00
# Visual Studio Version 16
VisualStudioVersion = 16.0.30406.217
MinimumVisualStudioVersion = 10.0.40219.1
Project("{FAE04EC0-301F-11D3-BF4B-00C04F79EFBC}") = "HighScore", "HighScore\HighScore.csproj", "{EBC2E6BF-ECBD-45F7-A1F6-1BBAC50D3F6F}"
EndProject
Global
	GlobalSection(SolutionConfigurationPlatforms) = preSolution
		Debug|Any CPU = Debug|Any CPU
		Release|Any CPU = Release|Any CPU
	EndGlobalSection
	GlobalSection(ProjectConfigurationPlatforms) = postSolution
		{EBC2E6BF-ECBD-45F7-A1F6-1BBAC50D3F6F}.Debug|Any CPU.ActiveCfg = Debug|Any CPU
		{EBC2E6BF-ECBD-45F7-A1F6-1BBAC50D3F6F}.Debug|Any CPU.Build.0 = Debug|Any CPU
		{EBC2E6BF-ECBD-45F7-A1F6-1BBAC50D3F6F}.Release|Any CPU.ActiveCfg = Release|Any CPU
		{EBC2E6BF-ECBD-45F7-A1F6-1BBAC50D3F6F}.Release|Any CPU.Build.0 = Release|Any CPU
	EndGlobalSection
	GlobalSection(SolutionProperties) = preSolution
		HideSolutionNode = FALSE
	EndGlobalSection
	GlobalSection(ExtensibilityGlobals) = postSolution
		SolutionGuid = {751244B8-5912-4714-8BB1-E33109506CD3}
	EndGlobalSection
EndGlobal
