
Microsoft Visual Studio Solution File, Format Version 12.00
# Visual Studio Version 16
VisualStudioVersion = 16.0.30503.244
MinimumVisualStudioVersion = 10.0.40219.1
Project("{FAE04EC0-301F-11D3-BF4B-00C04F79EFBC}") = "Polymorfi opgve", "Polymorfi opgve\Polymorfi opgve.csproj", "{37D105E5-EC3B-4586-B580-134ABEB810A2}"
EndProject
Global
	GlobalSection(SolutionConfigurationPlatforms) = preSolution
		Debug|Any CPU = Debug|Any CPU
		Release|Any CPU = Release|Any CPU
	EndGlobalSection
	GlobalSection(ProjectConfigurationPlatforms) = postSolution
		{37D105E5-EC3B-4586-B580-134ABEB810A2}.Debug|Any CPU.ActiveCfg = Debug|Any CPU
		{37D105E5-EC3B-4586-B580-134ABEB810A2}.Debug|Any CPU.Build.0 = Debug|Any CPU
		{37D105E5-EC3B-4586-B580-134ABEB810A2}.Release|Any CPU.ActiveCfg = Release|Any CPU
		{37D105E5-EC3B-4586-B580-134ABEB810A2}.Release|Any CPU.Build.0 = Release|Any CPU
	EndGlobalSection
	GlobalSection(SolutionProperties) = preSolution
		HideSolutionNode = FALSE
	EndGlobalSection
	GlobalSection(ExtensibilityGlobals) = postSolution
		SolutionGuid = {24C752BA-560A-4D7E-804C-BFF6DC609DCF}
	EndGlobalSection
EndGlobal
